// !$*UTF8*$!
{
	archiveVersion = 1;
	classes = {
	};
	objectVersion = 55;
	objects = {

/* Begin PBXBuildFile section */
		B69CF6AD2A392260000A46D5 /* AppDelegate.swift in Sources */ = {isa = PBXBuildFile; fileRef = B69CF6AC2A392260000A46D5 /* AppDelegate.swift */; };
		B69CF6AF2A392260000A46D5 /* SceneDelegate.swift in Sources */ = {isa = PBXBuildFile; fileRef = B69CF6AE2A392260000A46D5 /* SceneDelegate.swift */; };
		B69CF6B12A392260000A46D5 /* ViewController.swift in Sources */ = {isa = PBXBuildFile; fileRef = B69CF6B02A392260000A46D5 /* ViewController.swift */; };
		B69CF6B42A392260000A46D5 /* Main.storyboard in Resources */ = {isa = PBXBuildFile; fileRef = B69CF6B22A392260000A46D5 /* Main.storyboard */; };
		B69CF6B62A392263000A46D5 /* Assets.xcassets in Resources */ = {isa = PBXBuildFile; fileRef = B69CF6B52A392263000A46D5 /* Assets.xcassets */; };
		B69CF6B92A392263000A46D5 /* LaunchScreen.storyboard in Resources */ = {isa = PBXBuildFile; fileRef = B69CF6B72A392263000A46D5 /* LaunchScreen.storyboard */; };
		B69CF6C42A392264000A46D5 /* video_playerTests.swift in Sources */ = {isa = PBXBuildFile; fileRef = B69CF6C32A392264000A46D5 /* video_playerTests.swift */; };
		B69CF6CE2A392264000A46D5 /* video_playerUITests.swift in Sources */ = {isa = PBXBuildFile; fileRef = B69CF6CD2A392264000A46D5 /* video_playerUITests.swift */; };
		B69CF6D02A392264000A46D5 /* video_playerUITestsLaunchTests.swift in Sources */ = {isa = PBXBuildFile; fileRef = B69CF6CF2A392264000A46D5 /* video_playerUITestsLaunchTests.swift */; };
		B69CF6DD2A3926B4000A46D5 /* test.mp4 in Resources */ = {isa = PBXBuildFile; fileRef = B69CF6DC2A392565000A46D5 /* test.mp4 */; };
/* End PBXBuildFile section */

/* Begin PBXContainerItemProxy section */
		B69CF6C02A392264000A46D5 /* PBXContainerItemProxy */ = {
			isa = PBXContainerItemProxy;
			containerPortal = B69CF6A12A392260000A46D5 /* Project object */;
			proxyType = 1;
			remoteGlobalIDString = B69CF6A82A392260000A46D5;
			remoteInfo = video_player;
		};
		B69CF6CA2A392264000A46D5 /* PBXContainerItemProxy */ = {
			isa = PBXContainerItemProxy;
			containerPortal = B69CF6A12A392260000A46D5 /* Project object */;
			proxyType = 1;
			remoteGlobalIDString = B69CF6A82A392260000A46D5;
			remoteInfo = video_player;
		};
/* End PBXContainerItemProxy section */

/* Begin PBXFileReference section */
		B69CF6A92A392260000A46D5 /* video_player.app */ = {isa = PBXFileReference; explicitFileType = wrapper.application; includeInIndex = 0; path = video_player.app; sourceTree = BUILT_PRODUCTS_DIR; };
		B69CF6AC2A392260000A46D5 /* AppDelegate.swift */ = {isa = PBXFileReference; lastKnownFileType = sourcecode.swift; path = AppDelegate.swift; sourceTree = "<group>"; };
		B69CF6AE2A392260000A46D5 /* SceneDelegate.swift */ = {isa = PBXFileReference; lastKnownFileType = sourcecode.swift; path = SceneDelegate.swift; sourceTree = "<group>"; };
		B69CF6B02A392260000A46D5 /* ViewController.swift */ = {isa = PBXFileReference; lastKnownFileType = sourcecode.swift; path = ViewController.swift; sourceTree = "<group>"; };
		B69CF6B32A392260000A46D5 /* Base */ = {isa = PBXFileReference; lastKnownFileType = file.storyboard; name = Base; path = Base.lproj/Main.storyboard; sourceTree = "<group>"; };
		B69CF6B52A392263000A46D5 /* Assets.xcassets */ = {isa = PBXFileReference; lastKnownFileType = folder.assetcatalog; path = Assets.xcassets; sourceTree = "<group>"; };
		B69CF6B82A392263000A46D5 /* Base */ = {isa = PBXFileReference; lastKnownFileType = file.storyboard; name = Base; path = Base.lproj/LaunchScreen.storyboard; sourceTree = "<group>"; };
		B69CF6BA2A392263000A46D5 /* Info.plist */ = {isa = PBXFileReference; lastKnownFileType = text.plist.xml; path = Info.plist; sourceTree = "<group>"; };
		B69CF6BF2A392264000A46D5 /* video_playerTests.xctest */ = {isa = PBXFileReference; explicitFileType = wrapper.cfbundle; includeInIndex = 0; path = video_playerTests.xctest; sourceTree = BUILT_PRODUCTS_DIR; };
		B69CF6C32A392264000A46D5 /* video_playerTests.swift */ = {isa = PBXFileReference; lastKnownFileType = sourcecode.swift; path = video_playerTests.swift; sourceTree = "<group>"; };
		B69CF6C92A392264000A46D5 /* video_playerUITests.xctest */ = {isa = PBXFileReference; explicitFileType = wrapper.cfbundle; includeInIndex = 0; path = video_playerUITests.xctest; sourceTree = BUILT_PRODUCTS_DIR; };
		B69CF6CD2A392264000A46D5 /* video_playerUITests.swift */ = {isa = PBXFileReference; lastKnownFileType = sourcecode.swift; path = video_playerUITests.swift; sourceTree = "<group>"; };
		B69CF6CF2A392264000A46D5 /* video_playerUITestsLaunchTests.swift */ = {isa = PBXFileReference; lastKnownFileType = sourcecode.swift; path = video_playerUITestsLaunchTests.swift; sourceTree = "<group>"; };
		B69CF6DC2A392565000A46D5 /* test.mp4 */ = {isa = PBXFileReference; lastKnownFileType = file; name = test.mp4; path = ../../Downloads/test.mp4; sourceTree = "<group>"; };
/* End PBXFileReference section */

/* Begin PBXFrameworksBuildPhase section */
		B69CF6A62A392260000A46D5 /* Frameworks */ = {
			isa = PBXFrameworksBuildPhase;
			buildActionMask = 2147483647;
			files = (
			);
			runOnlyForDeploymentPostprocessing = 0;
		};
		B69CF6BC2A392264000A46D5 /* Frameworks */ = {
			isa = PBXFrameworksBuildPhase;
			buildActionMask = 2147483647;
			files = (
			);
			runOnlyForDeploymentPostprocessing = 0;
		};
		B69CF6C62A392264000A46D5 /* Frameworks */ = {
			isa = PBXFrameworksBuildPhase;
			buildActionMask = 2147483647;
			files = (
			);
			runOnlyForDeploymentPostprocessing = 0;
		};
/* End PBXFrameworksBuildPhase section */

/* Begin PBXGroup section */
		B69CF6A02A392260000A46D5 = {
			isa = PBXGroup;
			children = (
				B69CF6AB2A392260000A46D5 /* video_player */,
				B69CF6C22A392264000A46D5 /* video_playerTests */,
				B69CF6CC2A392264000A46D5 /* video_playerUITests */,
				B69CF6AA2A392260000A46D5 /* Products */,
			);
			sourceTree = "<group>";
		};
		B69CF6AA2A392260000A46D5 /* Products */ = {
			isa = PBXGroup;
			children = (
				B69CF6A92A392260000A46D5 /* video_player.app */,
				B69CF6BF2A392264000A46D5 /* video_playerTests.xctest */,
				B69CF6C92A392264000A46D5 /* video_playerUITests.xctest */,
			);
			name = Products;
			sourceTree = "<group>";
		};
		B69CF6AB2A392260000A46D5 /* video_player */ = {
			isa = PBXGroup;
			children = (
				B69CF6AC2A392260000A46D5 /* AppDelegate.swift */,
				B69CF6AE2A392260000A46D5 /* SceneDelegate.swift */,
				B69CF6B02A392260000A46D5 /* ViewController.swift */,
				B69CF6B22A392260000A46D5 /* Main.storyboard */,
				B69CF6B52A392263000A46D5 /* Assets.xcassets */,
				B69CF6B72A392263000A46D5 /* LaunchScreen.storyboard */,
				B69CF6BA2A392263000A46D5 /* Info.plist */,
			);
			path = video_player;
			sourceTree = "<group>";
		};
		B69CF6C22A392264000A46D5 /* video_playerTests */ = {
			isa = PBXGroup;
			children = (
				B69CF6C32A392264000A46D5 /* video_playerTests.swift */,
			);
			path = video_playerTests;
			sourceTree = "<group>";
		};
		B69CF6CC2A392264000A46D5 /* video_playerUITests */ = {
			isa = PBXGroup;
			children = (
				B69CF6CD2A392264000A46D5 /* video_playerUITests.swift */,
				B69CF6CF2A392264000A46D5 /* video_playerUITestsLaunchTests.swift */,
				B69CF6DC2A392565000A46D5 /* test.mp4 */,
			);
			path = video_playerUITests;
			sourceTree = "<group>";
		};
/* End PBXGroup section */

/* Begin PBXNativeTarget section */
		B69CF6A82A392260000A46D5 /* video_player */ = {
			isa = PBXNativeTarget;
			buildConfigurationList = B69CF6D32A392264000A46D5 /* Build configuration list for PBXNativeTarget "video_player" */;
			buildPhases = (
				B69CF6A52A392260000A46D5 /* Sources */,
				B69CF6A62A392260000A46D5 /* Frameworks */,
				B69CF6A72A392260000A46D5 /* Resources */,
			);
			buildRules = (
			);
			dependencies = (
			);
			name = video_player;
			productName = video_player;
			productReference = B69CF6A92A392260000A46D5 /* video_player.app */;
			productType = "com.apple.product-type.application";
		};
		B69CF6BE2A392264000A46D5 /* video_playerTests */ = {
			isa = PBXNativeTarget;
			buildConfigurationList = B69CF6D62A392264000A46D5 /* Build configuration list for PBXNativeTarget "video_playerTests" */;
			buildPhases = (
				B69CF6BB2A392264000A46D5 /* Sources */,
				B69CF6BC2A392264000A46D5 /* Frameworks */,
				B69CF6BD2A392264000A46D5 /* Resources */,
			);
			buildRules = (
			);
			dependencies = (
				B69CF6C12A392264000A46D5 /* PBXTargetDependency */,
			);
			name = video_playerTests;
			productName = video_playerTests;
			productReference = B69CF6BF2A392264000A46D5 /* video_playerTests.xctest */;
			productType = "com.apple.product-type.bundle.unit-test";
		};
		B69CF6C82A392264000A46D5 /* video_playerUITests */ = {
			isa = PBXNativeTarget;
			buildConfigurationList = B69CF6D92A392264000A46D5 /* Build configuration list for PBXNativeTarget "video_playerUITests" */;
			buildPhases = (
				B69CF6C52A392264000A46D5 /* Sources */,
				B69CF6C62A392264000A46D5 /* Frameworks */,
				B69CF6C72A392264000A46D5 /* Resources */,
			);
			buildRules = (
			);
			dependencies = (
				B69CF6CB2A392264000A46D5 /* PBXTargetDependency */,
			);
			name = video_playerUITests;
			productName = video_playerUITests;
			productReference = B69CF6C92A392264000A46D5 /* video_playerUITests.xctest */;
			productType = "com.apple.product-type.bundle.ui-testing";
		};
/* End PBXNativeTarget section */

/* Begin PBXProject section */
		B69CF6A12A392260000A46D5 /* Project object */ = {
			isa = PBXProject;
			attributes = {
				BuildIndependentTargetsInParallel = 1;
				LastSwiftUpdateCheck = 1320;
				LastUpgradeCheck = 1320;
				TargetAttributes = {
					B69CF6A82A392260000A46D5 = {
						CreatedOnToolsVersion = 13.2.1;
					};
					B69CF6BE2A392264000A46D5 = {
						CreatedOnToolsVersion = 13.2.1;
						TestTargetID = B69CF6A82A392260000A46D5;
					};
					B69CF6C82A392264000A46D5 = {
						CreatedOnToolsVersion = 13.2.1;
						TestTargetID = B69CF6A82A392260000A46D5;
					};
				};
			};
			buildConfigurationList = B69CF6A42A392260000A46D5 /* Build configuration list for PBXProject "video_player" */;
			compatibilityVersion = "Xcode 13.0";
			developmentRegion = en;
			hasScannedForEncodings = 0;
			knownRegions = (
				en,
				Base,
			);
			mainGroup = B69CF6A02A392260000A46D5;
			productRefGroup = B69CF6AA2A392260000A46D5 /* Products */;
			projectDirPath = "";
			projectRoot = "";
			targets = (
				B69CF6A82A392260000A46D5 /* video_player */,
				B69CF6BE2A392264000A46D5 /* video_playerTests */,
				B69CF6C82A392264000A46D5 /* video_playerUITests */,
			);
		};
/* End PBXProject section */

/* Begin PBXResourcesBuildPhase section */
		B69CF6A72A392260000A46D5 /* Resources */ = {
			isa = PBXResourcesBuildPhase;
			buildActionMask = 2147483647;
			files = (
				B69CF6DD2A3926B4000A46D5 /* test.mp4 in Resources */,
				B69CF6B92A392263000A46D5 /* LaunchScreen.storyboard in Resources */,
				B69CF6B62A392263000A46D5 /* Assets.xcassets in Resources */,
				B69CF6B42A392260000A46D5 /* Main.storyboard in Resources */,
			);
			runOnlyForDeploymentPostprocessing = 0;
		};
		B69CF6BD2A392264000A46D5 /* Resources */ = {
			isa = PBXResourcesBuildPhase;
			buildActionMask = 2147483647;
			files = (
			);
			runOnlyForDeploymentPostprocessing = 0;
		};
		B69CF6C72A392264000A46D5 /* Resources */ = {
			isa = PBXResourcesBuildPhase;
			buildActionMask = 2147483647;
			files = (
			);
			runOnlyForDeploymentPostprocessing = 0;
		};
/* End PBXResourcesBuildPhase section */

/* Begin PBXSourcesBuildPhase section */
		B69CF6A52A392260000A46D5 /* Sources */ = {
			isa = PBXSourcesBuildPhase;
			buildActionMask = 2147483647;
			files = (
				B69CF6B12A392260000A46D5 /* ViewController.swift in Sources */,
				B69CF6AD2A392260000A46D5 /* AppDelegate.swift in Sources */,
				B69CF6AF2A392260000A46D5 /* SceneDelegate.swift in Sources */,
			);
			runOnlyForDeploymentPostprocessing = 0;
		};
		B69CF6BB2A392264000A46D5 /* Sources */ = {
			isa = PBXSourcesBuildPhase;
			buildActionMask = 2147483647;
			files = (
				B69CF6C42A392264000A46D5 /* video_playerTests.swift in Sources */,
			);
			runOnlyForDeploymentPostprocessing = 0;
		};
		B69CF6C52A392264000A46D5 /* Sources */ = {
			isa = PBXSourcesBuildPhase;
			buildActionMask = 2147483647;
			files = (
				B69CF6CE2A392264000A46D5 /* video_playerUITests.swift in Sources */,
				B69CF6D02A392264000A46D5 /* video_playerUITestsLaunchTests.swift in Sources */,
			);
			runOnlyForDeploymentPostprocessing = 0;
		};
/* End PBXSourcesBuildPhase section */

/* Begin PBXTargetDependency section */
		B69CF6C12A392264000A46D5 /* PBXTargetDependency */ = {
			isa = PBXTargetDependency;
			target = B69CF6A82A392260000A46D5 /* video_player */;
			targetProxy = B69CF6C02A392264000A46D5 /* PBXContainerItemProxy */;
		};
		B69CF6CB2A392264000A46D5 /* PBXTargetDependency */ = {
			isa = PBXTargetDependency;
			target = B69CF6A82A392260000A46D5 /* video_player */;
			targetProxy = B69CF6CA2A392264000A46D5 /* PBXContainerItemProxy */;
		};
/* End PBXTargetDependency section */

/* Begin PBXVariantGroup section */
		B69CF6B22A392260000A46D5 /* Main.storyboard */ = {
			isa = PBXVariantGroup;
			children = (
				B69CF6B32A392260000A46D5 /* Base */,
			);
			name = Main.storyboard;
			sourceTree = "<group>";
		};
		B69CF6B72A392263000A46D5 /* LaunchScreen.storyboard */ = {
			isa = PBXVariantGroup;
			children = (
				B69CF6B82A392263000A46D5 /* Base */,
			);
			name = LaunchScreen.storyboard;
			sourceTree = "<group>";
		};
/* End PBXVariantGroup section */

/* Begin XCBuildConfiguration section */
		B69CF6D12A392264000A46D5 /* Debug */ = {
			isa = XCBuildConfiguration;
			buildSettings = {
				ALWAYS_SEARCH_USER_PATHS = NO;
				CLANG_ANALYZER_NONNULL = YES;
				CLANG_ANALYZER_NUMBER_OBJECT_CONVERSION = YES_AGGRESSIVE;
				CLANG_CXX_LANGUAGE_STANDARD = "gnu++17";
				CLANG_CXX_LIBRARY = "libc++";
				CLANG_ENABLE_MODULES = YES;
				CLANG_ENABLE_OBJC_ARC = YES;
				CLANG_ENABLE_OBJC_WEAK = YES;
				CLANG_WARN_BLOCK_CAPTURE_AUTORELEASING = YES;
				CLANG_WARN_BOOL_CONVERSION = YES;
				CLANG_WARN_COMMA = YES;
				CLANG_WARN_CONSTANT_CONVERSION = YES;
				CLANG_WARN_DEPRECATED_OBJC_IMPLEMENTATIONS = YES;
				CLANG_WARN_DIRECT_OBJC_ISA_USAGE = YES_ERROR;
				CLANG_WARN_DOCUMENTATION_COMMENTS = YES;
				CLANG_WARN_EMPTY_BODY = YES;
				CLANG_WARN_ENUM_CONVERSION = YES;
				CLANG_WARN_INFINITE_RECURSION = YES;
				CLANG_WARN_INT_CONVERSION = YES;
				CLANG_WARN_NON_LITERAL_NULL_CONVERSION = YES;
				CLANG_WARN_OBJC_IMPLICIT_RETAIN_SELF = YES;
				CLANG_WARN_OBJC_LITERAL_CONVERSION = YES;
				CLANG_WARN_OBJC_ROOT_CLASS = YES_ERROR;
				CLANG_WARN_QUOTED_INCLUDE_IN_FRAMEWORK_HEADER = YES;
				CLANG_WARN_RANGE_LOOP_ANALYSIS = YES;
				CLANG_WARN_STRICT_PROTOTYPES = YES;
				CLANG_WARN_SUSPICIOUS_MOVE = YES;
				CLANG_WARN_UNGUARDED_AVAILABILITY = YES_AGGRESSIVE;
				CLANG_WARN_UNREACHABLE_CODE = YES;
				CLANG_WARN__DUPLICATE_METHOD_MATCH = YES;
				COPY_PHASE_STRIP = NO;
				DEBUG_INFORMATION_FORMAT = dwarf;
				ENABLE_STRICT_OBJC_MSGSEND = YES;
				ENABLE_TESTABILITY = YES;
				GCC_C_LANGUAGE_STANDARD = gnu11;
				GCC_DYNAMIC_NO_PIC = NO;
				GCC_NO_COMMON_BLOCKS = YES;
				GCC_OPTIMIZATION_LEVEL = 0;
				GCC_PREPROCESSOR_DEFINITIONS = (
					"DEBUG=1",
					"$(inherited)",
				);
				GCC_WARN_64_TO_32_BIT_CONVERSION = YES;
				GCC_WARN_ABOUT_RETURN_TYPE = YES_ERROR;
				GCC_WARN_UNDECLARED_SELECTOR = YES;
				GCC_WARN_UNINITIALIZED_AUTOS = YES_AGGRESSIVE;
				GCC_WARN_UNUSED_FUNCTION = YES;
				GCC_WARN_UNUSED_VARIABLE = YES;
				IPHONEOS_DEPLOYMENT_TARGET = 15.2;
				MTL_ENABLE_DEBUG_INFO = INCLUDE_SOURCE;
				MTL_FAST_MATH = YES;
				ONLY_ACTIVE_ARCH = YES;
				SDKROOT = iphoneos;
				SWIFT_ACTIVE_COMPILATION_CONDITIONS = DEBUG;
				SWIFT_OPTIMIZATION_LEVEL = "-Onone";
			};
			name = Debug;
		};
		B69CF6D22A392264000A46D5 /* Release */ = {
			isa = XCBuildConfiguration;
			buildSettings = {
				ALWAYS_SEARCH_USER_PATHS = NO;
				CLANG_ANALYZER_NONNULL = YES;
				CLANG_ANALYZER_NUMBER_OBJECT_CONVERSION = YES_AGGRESSIVE;
				CLANG_CXX_LANGUAGE_STANDARD = "gnu++17";
				CLANG_CXX_LIBRARY = "libc++";
				CLANG_ENABLE_MODULES = YES;
				CLANG_ENABLE_OBJC_ARC = YES;
				CLANG_ENABLE_OBJC_WEAK = YES;
				CLANG_WARN_BLOCK_CAPTURE_AUTORELEASING = YES;
				CLANG_WARN_BOOL_CONVERSION = YES;
				CLANG_WARN_COMMA = YES;
				CLANG_WARN_CONSTANT_CONVERSION = YES;
				CLANG_WARN_DEPRECATED_OBJC_IMPLEMENTATIONS = YES;
				CLANG_WARN_DIRECT_OBJC_ISA_USAGE = YES_ERROR;
				CLANG_WARN_DOCUMENTATION_COMMENTS = YES;
				CLANG_WARN_EMPTY_BODY = YES;
				CLANG_WARN_ENUM_CONVERSION = YES;
				CLANG_WARN_INFINITE_RECURSION = YES;
				CLANG_WARN_INT_CONVERSION = YES;
				CLANG_WARN_NON_LITERAL_NULL_CONVERSION = YES;
				CLANG_WARN_OBJC_IMPLICIT_RETAIN_SELF = YES;
				CLANG_WARN_OBJC_LITERAL_CONVERSION = YES;
				CLANG_WARN_OBJC_ROOT_CLASS = YES_ERROR;
				CLANG_WARN_QUOTED_INCLUDE_IN_FRAMEWORK_HEADER = YES;
				CLANG_WARN_RANGE_LOOP_ANALYSIS = YES;
				CLANG_WARN_STRICT_PROTOTYPES = YES;
				CLANG_WARN_SUSPICIOUS_MOVE = YES;
				CLANG_WARN_UNGUARDED_AVAILABILITY = YES_AGGRESSIVE;
				CLANG_WARN_UNREACHABLE_CODE = YES;
				CLANG_WARN__DUPLICATE_METHOD_MATCH = YES;
				COPY_PHASE_STRIP = NO;
				DEBUG_INFORMATION_FORMAT = "dwarf-with-dsym";
				ENABLE_NS_ASSERTIONS = NO;
				ENABLE_STRICT_OBJC_MSGSEND = YES;
				GCC_C_LANGUAGE_STANDARD = gnu11;
				GCC_NO_COMMON_BLOCKS = YES;
				GCC_WARN_64_TO_32_BIT_CONVERSION = YES;
				GCC_WARN_ABOUT_RETURN_TYPE = YES_ERROR;
				GCC_WARN_UNDECLARED_SELECTOR = YES;
				GCC_WARN_UNINITIALIZED_AUTOS = YES_AGGRESSIVE;
				GCC_WARN_UNUSED_FUNCTION = YES;
				GCC_WARN_UNUSED_VARIABLE = YES;
				IPHONEOS_DEPLOYMENT_TARGET = 15.2;
				MTL_ENABLE_DEBUG_INFO = NO;
				MTL_FAST_MATH = YES;
				SDKROOT = iphoneos;
				SWIFT_COMPILATION_MODE = wholemodule;
				SWIFT_OPTIMIZATION_LEVEL = "-O";
				VALIDATE_PRODUCT = YES;
			};
			name = Release;
		};
		B69CF6D42A392264000A46D5 /* Debug */ = {
			isa = XCBuildConfiguration;
			buildSettings = {
				ASSETCATALOG_COMPILER_APPICON_NAME = AppIcon;
				ASSETCATALOG_COMPILER_GLOBAL_ACCENT_COLOR_NAME = AccentColor;
				CODE_SIGN_STYLE = Automatic;
				CURRENT_PROJECT_VERSION = 1;
				GENERATE_INFOPLIST_FILE = YES;
				INFOPLIST_FILE = video_player/Info.plist;
				INFOPLIST_KEY_UIApplicationSupportsIndirectInputEvents = YES;
				INFOPLIST_KEY_UILaunchStoryboardName = LaunchScreen;
				INFOPLIST_KEY_UIMainStoryboardFile = Main;
				INFOPLIST_KEY_UISupportedInterfaceOrientations_iPad = "UIInterfaceOrientationPortrait UIInterfaceOrientationPortraitUpsideDown UIInterfaceOrientationLandscapeLeft UIInterfaceOrientationLandscapeRight";
				INFOPLIST_KEY_UISupportedInterfaceOrientations_iPhone = "UIInterfaceOrientationPortrait UIInterfaceOrientationLandscapeLeft UIInterfaceOrientationLandscapeRight";
				LD_RUNPATH_SEARCH_PATHS = (
					"$(inherited)",
					"@executable_path/Frameworks",
				);
				MARKETING_VERSION = 1.0;
				PRODUCT_BUNDLE_IDENTIFIER = "video-player-co.video-player";
				PRODUCT_NAME = "$(TARGET_NAME)";
				SWIFT_EMIT_LOC_STRINGS = YES;
				SWIFT_VERSION = 5.0;
				TARGETED_DEVICE_FAMILY = "1,2";
			};
			name = Debug;
		};
		B69CF6D52A392264000A46D5 /* Release */ = {
			isa = XCBuildConfiguration;
			buildSettings = {
				ASSETCATALOG_COMPILER_APPICON_NAME = AppIcon;
				ASSETCATALOG_COMPILER_GLOBAL_ACCENT_COLOR_NAME = AccentColor;
				CODE_SIGN_STYLE = Automatic;
				CURRENT_PROJECT_VERSION = 1;
				GENERATE_INFOPLIST_FILE = YES;
				INFOPLIST_FILE = video_player/Info.plist;
				INFOPLIST_KEY_UIApplicationSupportsIndirectInputEvents = YES;
				INFOPLIST_KEY_UILaunchStoryboardName = LaunchScreen;
				INFOPLIST_KEY_UIMainStoryboardFile = Main;
				INFOPLIST_KEY_UISupportedInterfaceOrientations_iPad = "UIInterfaceOrientationPortrait UIInterfaceOrientationPortraitUpsideDown UIInterfaceOrientationLandscapeLeft UIInterfaceOrientationLandscapeRight";
				INFOPLIST_KEY_UISupportedInterfaceOrientations_iPhone = "UIInterfaceOrientationPortrait UIInterfaceOrientationLandscapeLeft UIInterfaceOrientationLandscapeRight";
				LD_RUNPATH_SEARCH_PATHS = (
					"$(inherited)",
					"@executable_path/Frameworks",
				);
				MARKETING_VERSION = 1.0;
				PRODUCT_BUNDLE_IDENTIFIER = "video-player-co.video-player";
				PRODUCT_NAME = "$(TARGET_NAME)";
				SWIFT_EMIT_LOC_STRINGS = YES;
				SWIFT_VERSION = 5.0;
				TARGETED_DEVICE_FAMILY = "1,2";
			};
			name = Release;
		};
		B69CF6D72A392264000A46D5 /* Debug */ = {
			isa = XCBuildConfiguration;
			buildSettings = {
				ALWAYS_EMBED_SWIFT_STANDARD_LIBRARIES = YES;
				BUNDLE_LOADER = "$(TEST_HOST)";
				CODE_SIGN_STYLE = Automatic;
				CURRENT_PROJECT_VERSION = 1;
				GENERATE_INFOPLIST_FILE = YES;
				IPHONEOS_DEPLOYMENT_TARGET = 15.2;
				MARKETING_VERSION = 1.0;
				PRODUCT_BUNDLE_IDENTIFIER = "video-player-co.video-playerTests";
				PRODUCT_NAME = "$(TARGET_NAME)";
				SWIFT_EMIT_LOC_STRINGS = NO;
				SWIFT_VERSION = 5.0;
				TARGETED_DEVICE_FAMILY = "1,2";
				TEST_HOST = "$(BUILT_PRODUCTS_DIR)/video_player.app/video_player";
			};
			name = Debug;
		};
		B69CF6D82A392264000A46D5 /* Release */ = {
			isa = XCBuildConfiguration;
			buildSettings = {
				ALWAYS_EMBED_SWIFT_STANDARD_LIBRARIES = YES;
				BUNDLE_LOADER = "$(TEST_HOST)";
				CODE_SIGN_STYLE = Automatic;
				CURRENT_PROJECT_VERSION = 1;
				GENERATE_INFOPLIST_FILE = YES;
				IPHONEOS_DEPLOYMENT_TARGET = 15.2;
				MARKETING_VERSION = 1.0;
				PRODUCT_BUNDLE_IDENTIFIER = "video-player-co.video-playerTests";
				PRODUCT_NAME = "$(TARGET_NAME)";
				SWIFT_EMIT_LOC_STRINGS = NO;
				SWIFT_VERSION = 5.0;
				TARGETED_DEVICE_FAMILY = "1,2";
				TEST_HOST = "$(BUILT_PRODUCTS_DIR)/video_player.app/video_player";
			};
			name = Release;
		};
		B69CF6DA2A392264000A46D5 /* Debug */ = {
			isa = XCBuildConfiguration;
			buildSettings = {
				ALWAYS_EMBED_SWIFT_STANDARD_LIBRARIES = YES;
				CODE_SIGN_STYLE = Automatic;
				CURRENT_PROJECT_VERSION = 1;
				GENERATE_INFOPLIST_FILE = YES;
				MARKETING_VERSION = 1.0;
				PRODUCT_BUNDLE_IDENTIFIER = "video-player-co.video-playerUITests";
				PRODUCT_NAME = "$(TARGET_NAME)";
				SWIFT_EMIT_LOC_STRINGS = NO;
				SWIFT_VERSION = 5.0;
				TARGETED_DEVICE_FAMILY = "1,2";
				TEST_TARGET_NAME = video_player;
			};
			name = Debug;
		};
		B69CF6DB2A392264000A46D5 /* Release */ = {
			isa = XCBuildConfiguration;
			buildSettings = {
				ALWAYS_EMBED_SWIFT_STANDARD_LIBRARIES = YES;
				CODE_SIGN_STYLE = Automatic;
				CURRENT_PROJECT_VERSION = 1;
				GENERATE_INFOPLIST_FILE = YES;
				MARKETING_VERSION = 1.0;
				PRODUCT_BUNDLE_IDENTIFIER = "video-player-co.video-playerUITests";
				PRODUCT_NAME = "$(TARGET_NAME)";
				SWIFT_EMIT_LOC_STRINGS = NO;
				SWIFT_VERSION = 5.0;
				TARGETED_DEVICE_FAMILY = "1,2";
				TEST_TARGET_NAME = video_player;
			};
			name = Release;
		};
/* End XCBuildConfiguration section */

/* Begin XCConfigurationList section */
		B69CF6A42A392260000A46D5 /* Build configuration list for PBXProject "video_player" */ = {
			isa = XCConfigurationList;
			buildConfigurations = (
				B69CF6D12A392264000A46D5 /* Debug */,
				B69CF6D22A392264000A46D5 /* Release */,
			);
			defaultConfigurationIsVisible = 0;
			defaultConfigurationName = Release;
		};
		B69CF6D32A392264000A46D5 /* Build configuration list for PBXNativeTarget "video_player" */ = {
			isa = XCConfigurationList;
			buildConfigurations = (
				B69CF6D42A392264000A46D5 /* Debug */,
				B69CF6D52A392264000A46D5 /* Release */,
			);
			defaultConfigurationIsVisible = 0;
			defaultConfigurationName = Release;
		};
		B69CF6D62A392264000A46D5 /* Build configuration list for PBXNativeTarget "video_playerTests" */ = {
			isa = XCConfigurationList;
			buildConfigurations = (
				B69CF6D72A392264000A46D5 /* Debug */,
				B69CF6D82A392264000A46D5 /* Release */,
			);
			defaultConfigurationIsVisible = 0;
			defaultConfigurationName = Release;
		};
		B69CF6D92A392264000A46D5 /* Build configuration list for PBXNativeTarget "video_playerUITests" */ = {
			isa = XCConfigurationList;
			buildConfigurations = (
				B69CF6DA2A392264000A46D5 /* Debug */,
				B69CF6DB2A392264000A46D5 /* Release */,
			);
			defaultConfigurationIsVisible = 0;
			defaultConfigurationName = Release;
		};
/* End XCConfigurationList section */
	};
	rootObject = B69CF6A12A392260000A46D5 /* Project object */;
}
